// !$*UTF8*$!
{
	archiveVersion = 1;
	classes = {
	};
	objectVersion = 52;
	objects = {

/* Begin PBXBuildFile section */
		47557C602789F17B00CFA902 /* PhotoTableViewCell.swift in Sources */ = {isa = PBXBuildFile; fileRef = 47557C5E2789F17B00CFA902 /* PhotoTableViewCell.swift */; };
		47557C612789F17B00CFA902 /* PhotoTableViewCell.xib in Resources */ = {isa = PBXBuildFile; fileRef = 47557C5F2789F17B00CFA902 /* PhotoTableViewCell.xib */; };
		47557C662789F54300CFA902 /* AdPlaceholderCell.swift in Sources */ = {isa = PBXBuildFile; fileRef = 47557C642789F54300CFA902 /* AdPlaceholderCell.swift */; };
		47557C672789F54300CFA902 /* AdPlaceholderCell.xib in Resources */ = {isa = PBXBuildFile; fileRef = 47557C652789F54300CFA902 /* AdPlaceholderCell.xib */; };
		478888722788A4300029C64C /* AppDelegate.swift in Sources */ = {isa = PBXBuildFile; fileRef = 478888712788A4300029C64C /* AppDelegate.swift */; };
		478888742788A4300029C64C /* SceneDelegate.swift in Sources */ = {isa = PBXBuildFile; fileRef = 478888732788A4300029C64C /* SceneDelegate.swift */; };
		478888762788A4300029C64C /* PhotosViewController.swift in Sources */ = {isa = PBXBuildFile; fileRef = 478888752788A4300029C64C /* PhotosViewController.swift */; };
		478888792788A4300029C64C /* Main.storyboard in Resources */ = {isa = PBXBuildFile; fileRef = 478888772788A4300029C64C /* Main.storyboard */; };
		4788887B2788A4340029C64C /* Assets.xcassets in Resources */ = {isa = PBXBuildFile; fileRef = 4788887A2788A4340029C64C /* Assets.xcassets */; };
		4788887E2788A4340029C64C /* LaunchScreen.storyboard in Resources */ = {isa = PBXBuildFile; fileRef = 4788887C2788A4340029C64C /* LaunchScreen.storyboard */; };
		478888872788A68F0029C64C /* RxSwift in Frameworks */ = {isa = PBXBuildFile; productRef = 478888862788A68F0029C64C /* RxSwift */; };
		478888892788A68F0029C64C /* RxCocoa in Frameworks */ = {isa = PBXBuildFile; productRef = 478888882788A68F0029C64C /* RxCocoa */; };
		4788888B2788A68F0029C64C /* RxRelay in Frameworks */ = {isa = PBXBuildFile; productRef = 4788888A2788A68F0029C64C /* RxRelay */; };
		4788888E2788A93B0029C64C /* Alamofire in Frameworks */ = {isa = PBXBuildFile; productRef = 4788888D2788A93B0029C64C /* Alamofire */; };
		478888962788AA6A0029C64C /* Kingfisher in Frameworks */ = {isa = PBXBuildFile; productRef = 478888952788AA6A0029C64C /* Kingfisher */; };
/* End PBXBuildFile section */

/* Begin PBXFileReference section */
		47557C5E2789F17B00CFA902 /* PhotoTableViewCell.swift */ = {isa = PBXFileReference; lastKnownFileType = sourcecode.swift; path = PhotoTableViewCell.swift; sourceTree = "<group>"; };
		47557C5F2789F17B00CFA902 /* PhotoTableViewCell.xib */ = {isa = PBXFileReference; lastKnownFileType = file.xib; path = PhotoTableViewCell.xib; sourceTree = "<group>"; };
		47557C642789F54300CFA902 /* AdPlaceholderCell.swift */ = {isa = PBXFileReference; lastKnownFileType = sourcecode.swift; path = AdPlaceholderCell.swift; sourceTree = "<group>"; };
		47557C652789F54300CFA902 /* AdPlaceholderCell.xib */ = {isa = PBXFileReference; lastKnownFileType = file.xib; path = AdPlaceholderCell.xib; sourceTree = "<group>"; };
		4788886E2788A4300029C64C /* PhotosList.app */ = {isa = PBXFileReference; explicitFileType = wrapper.application; includeInIndex = 0; path = PhotosList.app; sourceTree = BUILT_PRODUCTS_DIR; };
		478888712788A4300029C64C /* AppDelegate.swift */ = {isa = PBXFileReference; lastKnownFileType = sourcecode.swift; path = AppDelegate.swift; sourceTree = "<group>"; };
		478888732788A4300029C64C /* SceneDelegate.swift */ = {isa = PBXFileReference; lastKnownFileType = sourcecode.swift; path = SceneDelegate.swift; sourceTree = "<group>"; };
		478888752788A4300029C64C /* PhotosViewController.swift */ = {isa = PBXFileReference; lastKnownFileType = sourcecode.swift; path = PhotosViewController.swift; sourceTree = "<group>"; };
		478888782788A4300029C64C /* Base */ = {isa = PBXFileReference; lastKnownFileType = file.storyboard; name = Base; path = Base.lproj/Main.storyboard; sourceTree = "<group>"; };
		4788887A2788A4340029C64C /* Assets.xcassets */ = {isa = PBXFileReference; lastKnownFileType = folder.assetcatalog; path = Assets.xcassets; sourceTree = "<group>"; };
		4788887D2788A4340029C64C /* Base */ = {isa = PBXFileReference; lastKnownFileType = file.storyboard; name = Base; path = Base.lproj/LaunchScreen.storyboard; sourceTree = "<group>"; };
		4788887F2788A4340029C64C /* Info.plist */ = {isa = PBXFileReference; lastKnownFileType = text.plist.xml; path = Info.plist; sourceTree = "<group>"; };
/* End PBXFileReference section */

/* Begin PBXFrameworksBuildPhase section */
		4788886B2788A4300029C64C /* Frameworks */ = {
			isa = PBXFrameworksBuildPhase;
			buildActionMask = 2147483647;
			files = (
				4788888B2788A68F0029C64C /* RxRelay in Frameworks */,
				478888962788AA6A0029C64C /* Kingfisher in Frameworks */,
				4788888E2788A93B0029C64C /* Alamofire in Frameworks */,
				478888892788A68F0029C64C /* RxCocoa in Frameworks */,
				478888872788A68F0029C64C /* RxSwift in Frameworks */,
			);
			runOnlyForDeploymentPostprocessing = 0;
		};
/* End PBXFrameworksBuildPhase section */

/* Begin PBXGroup section */
		47557C5B2789F12700CFA902 /* Cells */ = {
			isa = PBXGroup;
			children = (
				47557C632789F50D00CFA902 /* AdPlaceholderCell */,
				47557C622789F4D500CFA902 /* PhotoCell */,
			);
			path = Cells;
			sourceTree = "<group>";
		};
		47557C622789F4D500CFA902 /* PhotoCell */ = {
			isa = PBXGroup;
			children = (
				47557C5E2789F17B00CFA902 /* PhotoTableViewCell.swift */,
				47557C5F2789F17B00CFA902 /* PhotoTableViewCell.xib */,
			);
			path = PhotoCell;
			sourceTree = "<group>";
		};
		47557C632789F50D00CFA902 /* AdPlaceholderCell */ = {
			isa = PBXGroup;
			children = (
				47557C642789F54300CFA902 /* AdPlaceholderCell.swift */,
				47557C652789F54300CFA902 /* AdPlaceholderCell.xib */,
			);
			path = AdPlaceholderCell;
			sourceTree = "<group>";
		};
		478888652788A4300029C64C = {
			isa = PBXGroup;
			children = (
				478888702788A4300029C64C /* PhotosList */,
				4788886F2788A4300029C64C /* Products */,
			);
			sourceTree = "<group>";
		};
		4788886F2788A4300029C64C /* Products */ = {
			isa = PBXGroup;
			children = (
				4788886E2788A4300029C64C /* PhotosList.app */,
			);
			name = Products;
			sourceTree = "<group>";
		};
		478888702788A4300029C64C /* PhotosList */ = {
			isa = PBXGroup;
			children = (
				478888A62789EC240029C64C /* Scenes */,
				478888712788A4300029C64C /* AppDelegate.swift */,
				478888732788A4300029C64C /* SceneDelegate.swift */,
				478888772788A4300029C64C /* Main.storyboard */,
				4788887A2788A4340029C64C /* Assets.xcassets */,
				4788887C2788A4340029C64C /* LaunchScreen.storyboard */,
				4788887F2788A4340029C64C /* Info.plist */,
			);
			path = PhotosList;
			sourceTree = "<group>";
		};
		478888A62789EC240029C64C /* Scenes */ = {
			isa = PBXGroup;
			children = (
				478888A82789EC390029C64C /* PhotoDetails */,
				478888A72789EC300029C64C /* Photos */,
			);
			path = Scenes;
			sourceTree = "<group>";
		};
		478888A72789EC300029C64C /* Photos */ = {
			isa = PBXGroup;
			children = (
				478888752788A4300029C64C /* PhotosViewController.swift */,
				47557C5B2789F12700CFA902 /* Cells */,
			);
			path = Photos;
			sourceTree = "<group>";
		};
		478888A82789EC390029C64C /* PhotoDetails */ = {
			isa = PBXGroup;
			children = (
			);
			path = PhotoDetails;
			sourceTree = "<group>";
		};
/* End PBXGroup section */

/* Begin PBXNativeTarget section */
		4788886D2788A4300029C64C /* PhotosList */ = {
			isa = PBXNativeTarget;
			buildConfigurationList = 478888822788A4340029C64C /* Build configuration list for PBXNativeTarget "PhotosList" */;
			buildPhases = (
				4788886A2788A4300029C64C /* Sources */,
				4788886B2788A4300029C64C /* Frameworks */,
				4788886C2788A4300029C64C /* Resources */,
			);
			buildRules = (
			);
			dependencies = (
			);
			name = PhotosList;
			packageProductDependencies = (
				478888862788A68F0029C64C /* RxSwift */,
				478888882788A68F0029C64C /* RxCocoa */,
				4788888A2788A68F0029C64C /* RxRelay */,
				4788888D2788A93B0029C64C /* Alamofire */,
				478888952788AA6A0029C64C /* Kingfisher */,
			);
			productName = PhotosList;
			productReference = 4788886E2788A4300029C64C /* PhotosList.app */;
			productType = "com.apple.product-type.application";
		};
/* End PBXNativeTarget section */

/* Begin PBXProject section */
		478888662788A4300029C64C /* Project object */ = {
			isa = PBXProject;
			attributes = {
				LastSwiftUpdateCheck = 1250;
				LastUpgradeCheck = 1250;
				TargetAttributes = {
					4788886D2788A4300029C64C = {
						CreatedOnToolsVersion = 12.5.1;
					};
				};
			};
			buildConfigurationList = 478888692788A4300029C64C /* Build configuration list for PBXProject "PhotosList" */;
			compatibilityVersion = "Xcode 9.3";
			developmentRegion = en;
			hasScannedForEncodings = 0;
			knownRegions = (
				en,
				Base,
			);
			mainGroup = 478888652788A4300029C64C;
			packageReferences = (
				478888852788A68F0029C64C /* XCRemoteSwiftPackageReference "RxSwift" */,
				4788888C2788A93B0029C64C /* XCRemoteSwiftPackageReference "Alamofire" */,
				478888942788AA6A0029C64C /* XCRemoteSwiftPackageReference "Kingfisher" */,
			);
			productRefGroup = 4788886F2788A4300029C64C /* Products */;
			projectDirPath = "";
			projectRoot = "";
			targets = (
				4788886D2788A4300029C64C /* PhotosList */,
			);
		};
/* End PBXProject section */

/* Begin PBXResourcesBuildPhase section */
		4788886C2788A4300029C64C /* Resources */ = {
			isa = PBXResourcesBuildPhase;
			buildActionMask = 2147483647;
			files = (
				47557C612789F17B00CFA902 /* PhotoTableViewCell.xib in Resources */,
				47557C672789F54300CFA902 /* AdPlaceholderCell.xib in Resources */,
				4788887E2788A4340029C64C /* LaunchScreen.storyboard in Resources */,
				4788887B2788A4340029C64C /* Assets.xcassets in Resources */,
				478888792788A4300029C64C /* Main.storyboard in Resources */,
			);
			runOnlyForDeploymentPostprocessing = 0;
		};
/* End PBXResourcesBuildPhase section */

/* Begin PBXSourcesBuildPhase section */
		4788886A2788A4300029C64C /* Sources */ = {
			isa = PBXSourcesBuildPhase;
			buildActionMask = 2147483647;
			files = (
				47557C662789F54300CFA902 /* AdPlaceholderCell.swift in Sources */,
				47557C602789F17B00CFA902 /* PhotoTableViewCell.swift in Sources */,
				478888762788A4300029C64C /* PhotosViewController.swift in Sources */,
				478888722788A4300029C64C /* AppDelegate.swift in Sources */,
				478888742788A4300029C64C /* SceneDelegate.swift in Sources */,
			);
			runOnlyForDeploymentPostprocessing = 0;
		};
/* End PBXSourcesBuildPhase section */

/* Begin PBXVariantGroup section */
		478888772788A4300029C64C /* Main.storyboard */ = {
			isa = PBXVariantGroup;
			children = (
				478888782788A4300029C64C /* Base */,
			);
			name = Main.storyboard;
			sourceTree = "<group>";
		};
		4788887C2788A4340029C64C /* LaunchScreen.storyboard */ = {
			isa = PBXVariantGroup;
			children = (
				4788887D2788A4340029C64C /* Base */,
			);
			name = LaunchScreen.storyboard;
			sourceTree = "<group>";
		};
/* End PBXVariantGroup section */

/* Begin XCBuildConfiguration section */
		478888802788A4340029C64C /* Debug */ = {
			isa = XCBuildConfiguration;
			buildSettings = {
				ALWAYS_SEARCH_USER_PATHS = NO;
				CLANG_ANALYZER_NONNULL = YES;
				CLANG_ANALYZER_NUMBER_OBJECT_CONVERSION = YES_AGGRESSIVE;
				CLANG_CXX_LANGUAGE_STANDARD = "gnu++14";
				CLANG_CXX_LIBRARY = "libc++";
				CLANG_ENABLE_MODULES = YES;
				CLANG_ENABLE_OBJC_ARC = YES;
				CLANG_ENABLE_OBJC_WEAK = YES;
				CLANG_WARN_BLOCK_CAPTURE_AUTORELEASING = YES;
				CLANG_WARN_BOOL_CONVERSION = YES;
				CLANG_WARN_COMMA = YES;
				CLANG_WARN_CONSTANT_CONVERSION = YES;
				CLANG_WARN_DEPRECATED_OBJC_IMPLEMENTATIONS = YES;
				CLANG_WARN_DIRECT_OBJC_ISA_USAGE = YES_ERROR;
				CLANG_WARN_DOCUMENTATION_COMMENTS = YES;
				CLANG_WARN_EMPTY_BODY = YES;
				CLANG_WARN_ENUM_CONVERSION = YES;
				CLANG_WARN_INFINITE_RECURSION = YES;
				CLANG_WARN_INT_CONVERSION = YES;
				CLANG_WARN_NON_LITERAL_NULL_CONVERSION = YES;
				CLANG_WARN_OBJC_IMPLICIT_RETAIN_SELF = YES;
				CLANG_WARN_OBJC_LITERAL_CONVERSION = YES;
				CLANG_WARN_OBJC_ROOT_CLASS = YES_ERROR;
				CLANG_WARN_QUOTED_INCLUDE_IN_FRAMEWORK_HEADER = YES;
				CLANG_WARN_RANGE_LOOP_ANALYSIS = YES;
				CLANG_WARN_STRICT_PROTOTYPES = YES;
				CLANG_WARN_SUSPICIOUS_MOVE = YES;
				CLANG_WARN_UNGUARDED_AVAILABILITY = YES_AGGRESSIVE;
				CLANG_WARN_UNREACHABLE_CODE = YES;
				CLANG_WARN__DUPLICATE_METHOD_MATCH = YES;
				COPY_PHASE_STRIP = NO;
				DEBUG_INFORMATION_FORMAT = dwarf;
				ENABLE_STRICT_OBJC_MSGSEND = YES;
				ENABLE_TESTABILITY = YES;
				GCC_C_LANGUAGE_STANDARD = gnu11;
				GCC_DYNAMIC_NO_PIC = NO;
				GCC_NO_COMMON_BLOCKS = YES;
				GCC_OPTIMIZATION_LEVEL = 0;
				GCC_PREPROCESSOR_DEFINITIONS = (
					"DEBUG=1",
					"$(inherited)",
				);
				GCC_WARN_64_TO_32_BIT_CONVERSION = YES;
				GCC_WARN_ABOUT_RETURN_TYPE = YES_ERROR;
				GCC_WARN_UNDECLARED_SELECTOR = YES;
				GCC_WARN_UNINITIALIZED_AUTOS = YES_AGGRESSIVE;
				GCC_WARN_UNUSED_FUNCTION = YES;
				GCC_WARN_UNUSED_VARIABLE = YES;
				IPHONEOS_DEPLOYMENT_TARGET = 14.5;
				MTL_ENABLE_DEBUG_INFO = INCLUDE_SOURCE;
				MTL_FAST_MATH = YES;
				ONLY_ACTIVE_ARCH = YES;
				SDKROOT = iphoneos;
				SWIFT_ACTIVE_COMPILATION_CONDITIONS = DEBUG;
				SWIFT_OPTIMIZATION_LEVEL = "-Onone";
			};
			name = Debug;
		};
		478888812788A4340029C64C /* Release */ = {
			isa = XCBuildConfiguration;
			buildSettings = {
				ALWAYS_SEARCH_USER_PATHS = NO;
				CLANG_ANALYZER_NONNULL = YES;
				CLANG_ANALYZER_NUMBER_OBJECT_CONVERSION = YES_AGGRESSIVE;
				CLANG_CXX_LANGUAGE_STANDARD = "gnu++14";
				CLANG_CXX_LIBRARY = "libc++";
				CLANG_ENABLE_MODULES = YES;
				CLANG_ENABLE_OBJC_ARC = YES;
				CLANG_ENABLE_OBJC_WEAK = YES;
				CLANG_WARN_BLOCK_CAPTURE_AUTORELEASING = YES;
				CLANG_WARN_BOOL_CONVERSION = YES;
				CLANG_WARN_COMMA = YES;
				CLANG_WARN_CONSTANT_CONVERSION = YES;
				CLANG_WARN_DEPRECATED_OBJC_IMPLEMENTATIONS = YES;
				CLANG_WARN_DIRECT_OBJC_ISA_USAGE = YES_ERROR;
				CLANG_WARN_DOCUMENTATION_COMMENTS = YES;
				CLANG_WARN_EMPTY_BODY = YES;
				CLANG_WARN_ENUM_CONVERSION = YES;
				CLANG_WARN_INFINITE_RECURSION = YES;
				CLANG_WARN_INT_CONVERSION = YES;
				CLANG_WARN_NON_LITERAL_NULL_CONVERSION = YES;
				CLANG_WARN_OBJC_IMPLICIT_RETAIN_SELF = YES;
				CLANG_WARN_OBJC_LITERAL_CONVERSION = YES;
				CLANG_WARN_OBJC_ROOT_CLASS = YES_ERROR;
				CLANG_WARN_QUOTED_INCLUDE_IN_FRAMEWORK_HEADER = YES;
				CLANG_WARN_RANGE_LOOP_ANALYSIS = YES;
				CLANG_WARN_STRICT_PROTOTYPES = YES;
				CLANG_WARN_SUSPICIOUS_MOVE = YES;
				CLANG_WARN_UNGUARDED_AVAILABILITY = YES_AGGRESSIVE;
				CLANG_WARN_UNREACHABLE_CODE = YES;
				CLANG_WARN__DUPLICATE_METHOD_MATCH = YES;
				COPY_PHASE_STRIP = NO;
				DEBUG_INFORMATION_FORMAT = "dwarf-with-dsym";
				ENABLE_NS_ASSERTIONS = NO;
				ENABLE_STRICT_OBJC_MSGSEND = YES;
				GCC_C_LANGUAGE_STANDARD = gnu11;
				GCC_NO_COMMON_BLOCKS = YES;
				GCC_WARN_64_TO_32_BIT_CONVERSION = YES;
				GCC_WARN_ABOUT_RETURN_TYPE = YES_ERROR;
				GCC_WARN_UNDECLARED_SELECTOR = YES;
				GCC_WARN_UNINITIALIZED_AUTOS = YES_AGGRESSIVE;
				GCC_WARN_UNUSED_FUNCTION = YES;
				GCC_WARN_UNUSED_VARIABLE = YES;
				IPHONEOS_DEPLOYMENT_TARGET = 14.5;
				MTL_ENABLE_DEBUG_INFO = NO;
				MTL_FAST_MATH = YES;
				SDKROOT = iphoneos;
				SWIFT_COMPILATION_MODE = wholemodule;
				SWIFT_OPTIMIZATION_LEVEL = "-O";
				VALIDATE_PRODUCT = YES;
			};
			name = Release;
		};
		478888832788A4340029C64C /* Debug */ = {
			isa = XCBuildConfiguration;
			buildSettings = {
				ASSETCATALOG_COMPILER_APPICON_NAME = AppIcon;
				ASSETCATALOG_COMPILER_GLOBAL_ACCENT_COLOR_NAME = AccentColor;
				CODE_SIGN_STYLE = Automatic;
				DEVELOPMENT_TEAM = 7KZJ9WZKUD;
				INFOPLIST_FILE = PhotosList/Info.plist;
				LD_RUNPATH_SEARCH_PATHS = (
					"$(inherited)",
					"@executable_path/Frameworks",
				);
				PRODUCT_BUNDLE_IDENTIFIER = zzz.PhotosList;
				PRODUCT_NAME = "$(TARGET_NAME)";
				SWIFT_VERSION = 5.0;
				TARGETED_DEVICE_FAMILY = "1,2";
			};
			name = Debug;
		};
		478888842788A4340029C64C /* Release */ = {
			isa = XCBuildConfiguration;
			buildSettings = {
				ASSETCATALOG_COMPILER_APPICON_NAME = AppIcon;
				ASSETCATALOG_COMPILER_GLOBAL_ACCENT_COLOR_NAME = AccentColor;
				CODE_SIGN_STYLE = Automatic;
				DEVELOPMENT_TEAM = 7KZJ9WZKUD;
				INFOPLIST_FILE = PhotosList/Info.plist;
				LD_RUNPATH_SEARCH_PATHS = (
					"$(inherited)",
					"@executable_path/Frameworks",
				);
				PRODUCT_BUNDLE_IDENTIFIER = zzz.PhotosList;
				PRODUCT_NAME = "$(TARGET_NAME)";
				SWIFT_VERSION = 5.0;
				TARGETED_DEVICE_FAMILY = "1,2";
			};
			name = Release;
		};
/* End XCBuildConfiguration section */

/* Begin XCConfigurationList section */
		478888692788A4300029C64C /* Build configuration list for PBXProject "PhotosList" */ = {
			isa = XCConfigurationList;
			buildConfigurations = (
				478888802788A4340029C64C /* Debug */,
				478888812788A4340029C64C /* Release */,
			);
			defaultConfigurationIsVisible = 0;
			defaultConfigurationName = Release;
		};
		478888822788A4340029C64C /* Build configuration list for PBXNativeTarget "PhotosList" */ = {
			isa = XCConfigurationList;
			buildConfigurations = (
				478888832788A4340029C64C /* Debug */,
				478888842788A4340029C64C /* Release */,
			);
			defaultConfigurationIsVisible = 0;
			defaultConfigurationName = Release;
		};
/* End XCConfigurationList section */

/* Begin XCRemoteSwiftPackageReference section */
		478888852788A68F0029C64C /* XCRemoteSwiftPackageReference "RxSwift" */ = {
			isa = XCRemoteSwiftPackageReference;
			repositoryURL = "https://github.com/ReactiveX/RxSwift.git";
			requirement = {
				kind = upToNextMajorVersion;
				minimumVersion = 6.2.0;
			};
		};
		4788888C2788A93B0029C64C /* XCRemoteSwiftPackageReference "Alamofire" */ = {
			isa = XCRemoteSwiftPackageReference;
			repositoryURL = "https://github.com/Alamofire/Alamofire.git";
			requirement = {
				kind = upToNextMajorVersion;
				minimumVersion = 5.0.0;
			};
		};
		478888942788AA6A0029C64C /* XCRemoteSwiftPackageReference "Kingfisher" */ = {
			isa = XCRemoteSwiftPackageReference;
			repositoryURL = "https://github.com/onevcat/Kingfisher.git";
			requirement = {
				kind = upToNextMajorVersion;
				minimumVersion = 7.1.2;
			};
		};
/* End XCRemoteSwiftPackageReference section */

/* Begin XCSwiftPackageProductDependency section */
		478888862788A68F0029C64C /* RxSwift */ = {
			isa = XCSwiftPackageProductDependency;
			package = 478888852788A68F0029C64C /* XCRemoteSwiftPackageReference "RxSwift" */;
			productName = RxSwift;
		};
		478888882788A68F0029C64C /* RxCocoa */ = {
			isa = XCSwiftPackageProductDependency;
			package = 478888852788A68F0029C64C /* XCRemoteSwiftPackageReference "RxSwift" */;
			productName = RxCocoa;
		};
		4788888A2788A68F0029C64C /* RxRelay */ = {
			isa = XCSwiftPackageProductDependency;
			package = 478888852788A68F0029C64C /* XCRemoteSwiftPackageReference "RxSwift" */;
			productName = RxRelay;
		};
		4788888D2788A93B0029C64C /* Alamofire */ = {
			isa = XCSwiftPackageProductDependency;
			package = 4788888C2788A93B0029C64C /* XCRemoteSwiftPackageReference "Alamofire" */;
			productName = Alamofire;
		};
		478888952788AA6A0029C64C /* Kingfisher */ = {
			isa = XCSwiftPackageProductDependency;
			package = 478888942788AA6A0029C64C /* XCRemoteSwiftPackageReference "Kingfisher" */;
			productName = Kingfisher;
		};
/* End XCSwiftPackageProductDependency section */
	};
	rootObject = 478888662788A4300029C64C /* Project object */;
}
